
Microsoft Visual Studio Solution File, Format Version 12.00
# Visual Studio Version 16
VisualStudioVersion = 16.0.30225.117
MinimumVisualStudioVersion = 10.0.40219.1
Project("{9A19103F-16F7-4668-BE54-9A1E7A4F7556}") = "Nibo.Domain.Entities", "src\Nibo.Domain.Entities\Nibo.Domain.Entities.csproj", "{58CFAC1D-2558-4761-B843-45B105B34CAA}"
EndProject
Project("{FAE04EC0-301F-11D3-BF4B-00C04F79EFBC}") = "Nibo.Test", "tests\Nibo.Test\Nibo.Test.csproj", "{32514083-3A7C-403C-B96E-11370DDEEEE5}"
EndProject
Project("{FAE04EC0-301F-11D3-BF4B-00C04F79EFBC}") = "Nibo.Repositories", "src\Nibo.Repositories\Nibo.Repositories.csproj", "{73DD715B-70B6-4B94-A413-AE3A0A9656A1}"
EndProject
Project("{FAE04EC0-301F-11D3-BF4B-00C04F79EFBC}") = "Nibo.Domain", "src\Nibo.Domain\Nibo.Domain.csproj", "{7091B678-6C73-4405-BBEB-8E0152225AB7}"
EndProject
Project("{FAE04EC0-301F-11D3-BF4B-00C04F79EFBC}") = "Nibo.Web", "src\Nibo.Web\Nibo.Web.csproj", "{39D00CB1-1AE0-4310-87CD-760AA31E4554}"
EndProject
Global
	GlobalSection(SolutionConfigurationPlatforms) = preSolution
		Debug|Any CPU = Debug|Any CPU
		Release|Any CPU = Release|Any CPU
	EndGlobalSection
	GlobalSection(ProjectConfigurationPlatforms) = postSolution
		{58CFAC1D-2558-4761-B843-45B105B34CAA}.Debug|Any CPU.ActiveCfg = Debug|Any CPU
		{58CFAC1D-2558-4761-B843-45B105B34CAA}.Debug|Any CPU.Build.0 = Debug|Any CPU
		{58CFAC1D-2558-4761-B843-45B105B34CAA}.Release|Any CPU.ActiveCfg = Release|Any CPU
		{58CFAC1D-2558-4761-B843-45B105B34CAA}.Release|Any CPU.Build.0 = Release|Any CPU
		{32514083-3A7C-403C-B96E-11370DDEEEE5}.Debug|Any CPU.ActiveCfg = Debug|Any CPU
		{32514083-3A7C-403C-B96E-11370DDEEEE5}.Debug|Any CPU.Build.0 = Debug|Any CPU
		{32514083-3A7C-403C-B96E-11370DDEEEE5}.Release|Any CPU.ActiveCfg = Release|Any CPU
		{32514083-3A7C-403C-B96E-11370DDEEEE5}.Release|Any CPU.Build.0 = Release|Any CPU
		{73DD715B-70B6-4B94-A413-AE3A0A9656A1}.Debug|Any CPU.ActiveCfg = Debug|Any CPU
		{73DD715B-70B6-4B94-A413-AE3A0A9656A1}.Debug|Any CPU.Build.0 = Debug|Any CPU
		{73DD715B-70B6-4B94-A413-AE3A0A9656A1}.Release|Any CPU.ActiveCfg = Release|Any CPU
		{73DD715B-70B6-4B94-A413-AE3A0A9656A1}.Release|Any CPU.Build.0 = Release|Any CPU
		{7091B678-6C73-4405-BBEB-8E0152225AB7}.Debug|Any CPU.ActiveCfg = Debug|Any CPU
		{7091B678-6C73-4405-BBEB-8E0152225AB7}.Debug|Any CPU.Build.0 = Debug|Any CPU
		{7091B678-6C73-4405-BBEB-8E0152225AB7}.Release|Any CPU.ActiveCfg = Release|Any CPU
		{7091B678-6C73-4405-BBEB-8E0152225AB7}.Release|Any CPU.Build.0 = Release|Any CPU
		{39D00CB1-1AE0-4310-87CD-760AA31E4554}.Debug|Any CPU.ActiveCfg = Debug|Any CPU
		{39D00CB1-1AE0-4310-87CD-760AA31E4554}.Debug|Any CPU.Build.0 = Debug|Any CPU
		{39D00CB1-1AE0-4310-87CD-760AA31E4554}.Release|Any CPU.ActiveCfg = Release|Any CPU
		{39D00CB1-1AE0-4310-87CD-760AA31E4554}.Release|Any CPU.Build.0 = Release|Any CPU
	EndGlobalSection
	GlobalSection(SolutionProperties) = preSolution
		HideSolutionNode = FALSE
	EndGlobalSection
	GlobalSection(ExtensibilityGlobals) = postSolution
		SolutionGuid = {8C92EDA6-B16E-4520-A318-5FE2437EEAD0}
	EndGlobalSection
EndGlobal
